
Microsoft Visual Studio Solution File, Format Version 12.00
# Visual Studio Version 17
VisualStudioVersion = 17.14.36301.6 d17.14
MinimumVisualStudioVersion = 10.0.40219.1
Project("{FAE04EC0-301F-11D3-BF4B-00C04F79EFBC}") = "TallerApp", "TallerApp\TallerApp.csproj", "{C724F46D-372A-4740-B099-74C80AA0AD14}"
EndProject
Global
	GlobalSection(SolutionConfigurationPlatforms) = preSolution
		Debug|Any CPU = Debug|Any CPU
		Release|Any CPU = Release|Any CPU
	EndGlobalSection
	GlobalSection(ProjectConfigurationPlatforms) = postSolution
		{C724F46D-372A-4740-B099-74C80AA0AD14}.Debug|Any CPU.ActiveCfg = Debug|Any CPU
		{C724F46D-372A-4740-B099-74C80AA0AD14}.Debug|Any CPU.Build.0 = Debug|Any CPU
		{C724F46D-372A-4740-B099-74C80AA0AD14}.Release|Any CPU.ActiveCfg = Release|Any CPU
		{C724F46D-372A-4740-B099-74C80AA0AD14}.Release|Any CPU.Build.0 = Release|Any CPU
	EndGlobalSection
	GlobalSection(SolutionProperties) = preSolution
		HideSolutionNode = FALSE
	EndGlobalSection
	GlobalSection(ExtensibilityGlobals) = postSolution
		SolutionGuid = {18F537AA-71D5-4B6B-BEEC-6B357E51B731}
	EndGlobalSection
EndGlobal
